
Microsoft Visual Studio Solution File, Format Version 12.00
# Visual Studio Version 17
VisualStudioVersion = 17.9.34714.143
MinimumVisualStudioVersion = 10.0.40219.1
Project("{9A19103F-16F7-4668-BE54-9A1E7A4F7556}") = "05-08ProjetoAPI", "05-08ProjetoAPI.csproj", "{BACA65AC-EFC3-4A54-AD18-988DCC129153}"
EndProject
Project("{FAE04EC0-301F-11D3-BF4B-00C04F79EFBC}") = "ApiTesting", "..\TestProject1\ApiTesting.csproj", "{38CE78BE-3933-4CE2-85A2-3C20927D8D4F}"
EndProject
Global
	GlobalSection(SolutionConfigurationPlatforms) = preSolution
		Debug|Any CPU = Debug|Any CPU
		Release|Any CPU = Release|Any CPU
	EndGlobalSection
	GlobalSection(ProjectConfigurationPlatforms) = postSolution
		{BACA65AC-EFC3-4A54-AD18-988DCC129153}.Debug|Any CPU.ActiveCfg = Debug|Any CPU
		{BACA65AC-EFC3-4A54-AD18-988DCC129153}.Debug|Any CPU.Build.0 = Debug|Any CPU
		{BACA65AC-EFC3-4A54-AD18-988DCC129153}.Release|Any CPU.ActiveCfg = Release|Any CPU
		{BACA65AC-EFC3-4A54-AD18-988DCC129153}.Release|Any CPU.Build.0 = Release|Any CPU
		{38CE78BE-3933-4CE2-85A2-3C20927D8D4F}.Debug|Any CPU.ActiveCfg = Debug|Any CPU
		{38CE78BE-3933-4CE2-85A2-3C20927D8D4F}.Debug|Any CPU.Build.0 = Debug|Any CPU
		{38CE78BE-3933-4CE2-85A2-3C20927D8D4F}.Release|Any CPU.ActiveCfg = Release|Any CPU
		{38CE78BE-3933-4CE2-85A2-3C20927D8D4F}.Release|Any CPU.Build.0 = Release|Any CPU
	EndGlobalSection
	GlobalSection(SolutionProperties) = preSolution
		HideSolutionNode = FALSE
	EndGlobalSection
	GlobalSection(ExtensibilityGlobals) = postSolution
		SolutionGuid = {99FC17FE-D5EC-43D5-9E6C-93C73CDE756F}
	EndGlobalSection
EndGlobal
